
Microsoft Visual Studio Solution File, Format Version 12.00
# Visual Studio Version 17
VisualStudioVersion = 17.2.32602.215
MinimumVisualStudioVersion = 10.0.40219.1
Project("{9A19103F-16F7-4668-BE54-9A1E7A4F7556}") = "QuotesMicroservice", "QuotesMicroservice.csproj", "{5C532BD8-2C39-465F-9423-61FD6CB55295}"
EndProject
Project("{FAE04EC0-301F-11D3-BF4B-00C04F79EFBC}") = "QuotesMicroservice Tests", "..\QuotesMicroservice Tests\QuotesMicroservice Tests.csproj", "{0561D4E9-4834-4160-AB0C-32E5F3887981}"
EndProject
Global
	GlobalSection(SolutionConfigurationPlatforms) = preSolution
		Debug|Any CPU = Debug|Any CPU
		Release|Any CPU = Release|Any CPU
	EndGlobalSection
	GlobalSection(ProjectConfigurationPlatforms) = postSolution
		{5C532BD8-2C39-465F-9423-61FD6CB55295}.Debug|Any CPU.ActiveCfg = Debug|Any CPU
		{5C532BD8-2C39-465F-9423-61FD6CB55295}.Debug|Any CPU.Build.0 = Debug|Any CPU
		{5C532BD8-2C39-465F-9423-61FD6CB55295}.Release|Any CPU.ActiveCfg = Release|Any CPU
		{5C532BD8-2C39-465F-9423-61FD6CB55295}.Release|Any CPU.Build.0 = Release|Any CPU
		{0561D4E9-4834-4160-AB0C-32E5F3887981}.Debug|Any CPU.ActiveCfg = Debug|Any CPU
		{0561D4E9-4834-4160-AB0C-32E5F3887981}.Debug|Any CPU.Build.0 = Debug|Any CPU
		{0561D4E9-4834-4160-AB0C-32E5F3887981}.Release|Any CPU.ActiveCfg = Release|Any CPU
		{0561D4E9-4834-4160-AB0C-32E5F3887981}.Release|Any CPU.Build.0 = Release|Any CPU
	EndGlobalSection
	GlobalSection(SolutionProperties) = preSolution
		HideSolutionNode = FALSE
	EndGlobalSection
	GlobalSection(ExtensibilityGlobals) = postSolution
		SolutionGuid = {C520151E-56B9-453B-BF1D-1F71D4256424}
	EndGlobalSection
EndGlobal
