
Microsoft Visual Studio Solution File, Format Version 12.00
# Visual Studio Version 17
VisualStudioVersion = 17.2.32602.215
MinimumVisualStudioVersion = 10.0.40219.1
Project("{9A19103F-16F7-4668-BE54-9A1E7A4F7556}") = "ConsumerMicroservice", "ConsumerMicroservice.csproj", "{9F2E80AB-0DB2-4FC7-AE0B-E888BDE0FEC4}"
EndProject
Project("{FAE04EC0-301F-11D3-BF4B-00C04F79EFBC}") = "ConsumerMicroservice_Tests", "..\ConsumerMicroservice_Tests\ConsumerMicroservice_Tests.csproj", "{E9A9FDD7-A421-4872-AE08-A3A624662E2B}"
EndProject
Global
	GlobalSection(SolutionConfigurationPlatforms) = preSolution
		Debug|Any CPU = Debug|Any CPU
		Release|Any CPU = Release|Any CPU
	EndGlobalSection
	GlobalSection(ProjectConfigurationPlatforms) = postSolution
		{9F2E80AB-0DB2-4FC7-AE0B-E888BDE0FEC4}.Debug|Any CPU.ActiveCfg = Debug|Any CPU
		{9F2E80AB-0DB2-4FC7-AE0B-E888BDE0FEC4}.Debug|Any CPU.Build.0 = Debug|Any CPU
		{9F2E80AB-0DB2-4FC7-AE0B-E888BDE0FEC4}.Release|Any CPU.ActiveCfg = Release|Any CPU
		{9F2E80AB-0DB2-4FC7-AE0B-E888BDE0FEC4}.Release|Any CPU.Build.0 = Release|Any CPU
		{E9A9FDD7-A421-4872-AE08-A3A624662E2B}.Debug|Any CPU.ActiveCfg = Debug|Any CPU
		{E9A9FDD7-A421-4872-AE08-A3A624662E2B}.Debug|Any CPU.Build.0 = Debug|Any CPU
		{E9A9FDD7-A421-4872-AE08-A3A624662E2B}.Release|Any CPU.ActiveCfg = Release|Any CPU
		{E9A9FDD7-A421-4872-AE08-A3A624662E2B}.Release|Any CPU.Build.0 = Release|Any CPU
	EndGlobalSection
	GlobalSection(SolutionProperties) = preSolution
		HideSolutionNode = FALSE
	EndGlobalSection
	GlobalSection(ExtensibilityGlobals) = postSolution
		SolutionGuid = {9D052463-7D14-43D4-ACBB-815C646B8287}
	EndGlobalSection
EndGlobal
